
Microsoft Visual Studio Solution File, Format Version 12.00
# Visual Studio Version 17
VisualStudioVersion = 17.10.35027.167
MinimumVisualStudioVersion = 10.0.40219.1
Project("{FAE04EC0-301F-11D3-BF4B-00C04F79EFBC}") = "Nexus", "Nexus\Nexus.csproj", "{B583362C-00B1-4848-AC13-D21D34F8AEBE}"
EndProject
Global
	GlobalSection(SolutionConfigurationPlatforms) = preSolution
		Debug|Any CPU = Debug|Any CPU
		Release|Any CPU = Release|Any CPU
	EndGlobalSection
	GlobalSection(ProjectConfigurationPlatforms) = postSolution
		{B583362C-00B1-4848-AC13-D21D34F8AEBE}.Debug|Any CPU.ActiveCfg = Debug|Any CPU
		{B583362C-00B1-4848-AC13-D21D34F8AEBE}.Debug|Any CPU.Build.0 = Debug|Any CPU
		{B583362C-00B1-4848-AC13-D21D34F8AEBE}.Release|Any CPU.ActiveCfg = Release|Any CPU
		{B583362C-00B1-4848-AC13-D21D34F8AEBE}.Release|Any CPU.Build.0 = Release|Any CPU
	EndGlobalSection
	GlobalSection(SolutionProperties) = preSolution
		HideSolutionNode = FALSE
	EndGlobalSection
	GlobalSection(ExtensibilityGlobals) = postSolution
		SolutionGuid = {C8129ECC-5FE9-4A4E-B34C-C596DDE3062B}
	EndGlobalSection
EndGlobal
